schema: '2.0'
stages:
  load_data:
    cmd: python src/load_data.py
    deps:
    - path: data/raw/data.csv
      hash: md5
      md5: ac0ec705fbd170226bebf2245abc0ead
      size: 3388547
    - path: src/load_data.py
      hash: md5
      md5: f359efd3d088d5aa3fb8acc899759824
      size: 483
    outs:
    - path: data/processed/processed.csv
      hash: md5
      md5: 8879fea76a02b855278cb417dcbebaad
      size: 3118048
  preprocess:
    cmd: python src/preprocess.py
    deps:
    - path: data/processed/processed.csv
      hash: md5
      md5: 8879fea76a02b855278cb417dcbebaad
      size: 3118048
    - path: src/preprocess.py
      hash: md5
      md5: 69c0ab615a8591f12f0feeb15bd9d5b6
      size: 669
    outs:
    - path: data/processed/clean.csv
      hash: md5
      md5: 105b14147a942a53944fe1b8083e68b8
      size: 2841747
  train:
    cmd: python src/train.py
    deps:
    - path: data/processed/clean.csv
      hash: md5
      md5: 105b14147a942a53944fe1b8083e68b8
      size: 2841747
    - path: src/train.py
      hash: md5
      md5: 6064c04044eb7fea26f86d1bdf9c62c5
      size: 1658
    outs:
    - path: models/model.pkl
      hash: md5
      md5: d0b110af0f567c8640ab0feee1850906
      size: 6290549
  evaluate:
    cmd: python src/evaluate.py
    deps:
    - path: data/processed/clean.csv
      hash: md5
      md5: 105b14147a942a53944fe1b8083e68b8
      size: 2841747
    - path: models/model.pkl
      hash: md5
      md5: d0b110af0f567c8640ab0feee1850906
      size: 6290549
    - path: src/evaluate.py
      hash: md5
      md5: 487ea837602837d10963c8a28961f813
      size: 977
